
Microsoft Visual Studio Solution File, Format Version 12.00
# Visual Studio Version 17
VisualStudioVersion = 17.0.31912.275
MinimumVisualStudioVersion = 10.0.40219.1
Project("{FAE04EC0-301F-11D3-BF4B-00C04F79EFBC}") = "CadQaPlugin", "CadQaPlugin.csproj", "{CC2FEBC3-27B7-4E77-AE1F-1C7EA0C5BCE0}"
EndProject
Global
GlobalSection(SolutionConfigurationPlatforms) = preSolution
Debug|Any CPU = Debug|Any CPU
EndGlobalSection
GlobalSection(ProjectConfigurationPlatforms) = postSolution
{CC2FEBC3-27B7-4E77-AE1F-1C7EA0C5BCE0}.Debug|Any CPU.ActiveCfg = Debug|Any CPU
{CC2FEBC3-27B7-4E77-AE1F-1C7EA0C5BCE0}.Debug|Any CPU.Build.0 = Debug|Any CPU
EndGlobalSection
EndGlobal
